
Microsoft Visual Studio Solution File, Format Version 12.00
# Visual Studio Version 16
VisualStudioVersion = 16.0.810.6
MinimumVisualStudioVersion = 10.0.40219.1
Project("{2150E333-8FDC-42A3-9474-1A3956D46DE8}") = "Solution Items", "Solution Items", "{750C2791-F07E-4677-BDE4-E35283421D8F}"
	ProjectSection(SolutionItems) = preProject
		README.md = README.md
	EndProjectSection
EndProject
Project("{FAE04EC0-301F-11D3-BF4B-00C04F79EFBC}") = "fishslice", "fishslice\fishslice.csproj", "{9EA12178-AC73-4D1D-9280-F1E6A8A9CAC0}"
EndProject
Project("{FAE04EC0-301F-11D3-BF4B-00C04F79EFBC}") = "fishslice.tests", "fishslice.tests\fishslice.tests.csproj", "{D740E02A-1332-4D2E-AB2D-0998B472EF15}"
EndProject
Project("{E53339B2-1760-4266-BCC7-CA923CBCF16C}") = "docker-compose", "docker-compose.dcproj", "{F9CEDE8E-4466-485B-86B5-90A414B834F3}"
EndProject
Global
	GlobalSection(SolutionConfigurationPlatforms) = preSolution
		Debug|Any CPU = Debug|Any CPU
		Release|Any CPU = Release|Any CPU
	EndGlobalSection
	GlobalSection(ProjectConfigurationPlatforms) = postSolution
		{9EA12178-AC73-4D1D-9280-F1E6A8A9CAC0}.Debug|Any CPU.ActiveCfg = Debug|Any CPU
		{9EA12178-AC73-4D1D-9280-F1E6A8A9CAC0}.Debug|Any CPU.Build.0 = Debug|Any CPU
		{9EA12178-AC73-4D1D-9280-F1E6A8A9CAC0}.Release|Any CPU.ActiveCfg = Release|Any CPU
		{9EA12178-AC73-4D1D-9280-F1E6A8A9CAC0}.Release|Any CPU.Build.0 = Release|Any CPU
		{D740E02A-1332-4D2E-AB2D-0998B472EF15}.Debug|Any CPU.ActiveCfg = Debug|Any CPU
		{D740E02A-1332-4D2E-AB2D-0998B472EF15}.Debug|Any CPU.Build.0 = Debug|Any CPU
		{D740E02A-1332-4D2E-AB2D-0998B472EF15}.Release|Any CPU.ActiveCfg = Release|Any CPU
		{D740E02A-1332-4D2E-AB2D-0998B472EF15}.Release|Any CPU.Build.0 = Release|Any CPU
		{F9CEDE8E-4466-485B-86B5-90A414B834F3}.Debug|Any CPU.ActiveCfg = Debug|Any CPU
		{F9CEDE8E-4466-485B-86B5-90A414B834F3}.Debug|Any CPU.Build.0 = Debug|Any CPU
		{F9CEDE8E-4466-485B-86B5-90A414B834F3}.Release|Any CPU.ActiveCfg = Release|Any CPU
		{F9CEDE8E-4466-485B-86B5-90A414B834F3}.Release|Any CPU.Build.0 = Release|Any CPU
	EndGlobalSection
	GlobalSection(SolutionProperties) = preSolution
		HideSolutionNode = FALSE
	EndGlobalSection
	GlobalSection(ExtensibilityGlobals) = postSolution
		SolutionGuid = {98D8305B-B03C-4DB4-ADC6-85C048998FD6}
	EndGlobalSection
EndGlobal
